// !$*UTF8*$!
{
	archiveVersion = 1;
	classes = {
	};
	objectVersion = 50;
	objects = {

/* Begin PBXBuildFile section */
		8D509BBC24A1FCD20047F88A /* AppDelegate.swift in Sources */ = {isa = PBXBuildFile; fileRef = 8D509BBB24A1FCD20047F88A /* AppDelegate.swift */; };
		8D509BBE24A1FCD20047F88A /* SceneDelegate.swift in Sources */ = {isa = PBXBuildFile; fileRef = 8D509BBD24A1FCD20047F88A /* SceneDelegate.swift */; };
		8D509BC324A1FCD20047F88A /* Main.storyboard in Resources */ = {isa = PBXBuildFile; fileRef = 8D509BC124A1FCD20047F88A /* Main.storyboard */; };
		8D509BC624A1FCD20047F88A /* BlogApp.xcdatamodeld in Sources */ = {isa = PBXBuildFile; fileRef = 8D509BC424A1FCD20047F88A /* BlogApp.xcdatamodeld */; };
		8D509BC824A1FCD40047F88A /* Assets.xcassets in Resources */ = {isa = PBXBuildFile; fileRef = 8D509BC724A1FCD40047F88A /* Assets.xcassets */; };
		8D509BCB24A1FCD40047F88A /* LaunchScreen.storyboard in Resources */ = {isa = PBXBuildFile; fileRef = 8D509BC924A1FCD40047F88A /* LaunchScreen.storyboard */; };
		8D509BFC24A217470047F88A /* BlogTableViewCell.swift in Sources */ = {isa = PBXBuildFile; fileRef = 8D509BE424A217470047F88A /* BlogTableViewCell.swift */; };
		8D509BFD24A217470047F88A /* BlogViewController.swift in Sources */ = {isa = PBXBuildFile; fileRef = 8D509BE524A217470047F88A /* BlogViewController.swift */; };
		8D509BFE24A217470047F88A /* BlogViewControllerViewModel.swift in Sources */ = {isa = PBXBuildFile; fileRef = 8D509BE724A217470047F88A /* BlogViewControllerViewModel.swift */; };
		8D509BFF24A217470047F88A /* BlogTableViewCellViewModel.swift in Sources */ = {isa = PBXBuildFile; fileRef = 8D509BE824A217470047F88A /* BlogTableViewCellViewModel.swift */; };
		8D509C0624A217470047F88A /* BlogInfoModel.swift in Sources */ = {isa = PBXBuildFile; fileRef = 8D509BF124A217470047F88A /* BlogInfoModel.swift */; };
		8D509C0724A217470047F88A /* ImageDownloader.swift in Sources */ = {isa = PBXBuildFile; fileRef = 8D509BF324A217470047F88A /* ImageDownloader.swift */; };
		8D509C0824A217470047F88A /* Double+Round.swift in Sources */ = {isa = PBXBuildFile; fileRef = 8D509BF424A217470047F88A /* Double+Round.swift */; };
		8D509C0924A217470047F88A /* AppConstraints.swift in Sources */ = {isa = PBXBuildFile; fileRef = 8D509BF524A217470047F88A /* AppConstraints.swift */; };
		8D509C0A24A217470047F88A /* MediaInfoModel.swift in Sources */ = {isa = PBXBuildFile; fileRef = 8D509BF624A217470047F88A /* MediaInfoModel.swift */; };
		8D509C0B24A217470047F88A /* UserInfoModel.swift in Sources */ = {isa = PBXBuildFile; fileRef = 8D509BF724A217470047F88A /* UserInfoModel.swift */; };
		8D509C0C24A217470047F88A /* WebServiceWrapper.swift in Sources */ = {isa = PBXBuildFile; fileRef = 8D509BFA24A217470047F88A /* WebServiceWrapper.swift */; };
		8D509C0D24A217470047F88A /* WebAPI.swift in Sources */ = {isa = PBXBuildFile; fileRef = 8D509BFB24A217470047F88A /* WebAPI.swift */; };
		8D509C2824A21E230047F88A /* DatabaseHandler.swift in Sources */ = {isa = PBXBuildFile; fileRef = 8D509C2724A21E230047F88A /* DatabaseHandler.swift */; };
		8D509C6724A346F00047F88A /* Reachability.swift in Sources */ = {isa = PBXBuildFile; fileRef = 8D509C6624A346F00047F88A /* Reachability.swift */; };
		8D509C6A24A356440047F88A /* OfflineBlogData+CoreDataClass.swift in Sources */ = {isa = PBXBuildFile; fileRef = 8D509C6824A356440047F88A /* OfflineBlogData+CoreDataClass.swift */; };
		8D509C6B24A356440047F88A /* OfflineBlogData+CoreDataProperties.swift in Sources */ = {isa = PBXBuildFile; fileRef = 8D509C6924A356440047F88A /* OfflineBlogData+CoreDataProperties.swift */; };
/* End PBXBuildFile section */

/* Begin PBXFileReference section */
		8D509BB824A1FCD20047F88A /* BlogApp.app */ = {isa = PBXFileReference; explicitFileType = wrapper.application; includeInIndex = 0; path = BlogApp.app; sourceTree = BUILT_PRODUCTS_DIR; };
		8D509BBB24A1FCD20047F88A /* AppDelegate.swift */ = {isa = PBXFileReference; lastKnownFileType = sourcecode.swift; path = AppDelegate.swift; sourceTree = "<group>"; };
		8D509BBD24A1FCD20047F88A /* SceneDelegate.swift */ = {isa = PBXFileReference; lastKnownFileType = sourcecode.swift; path = SceneDelegate.swift; sourceTree = "<group>"; };
		8D509BC224A1FCD20047F88A /* Base */ = {isa = PBXFileReference; lastKnownFileType = file.storyboard; name = Base; path = Base.lproj/Main.storyboard; sourceTree = "<group>"; };
		8D509BC524A1FCD20047F88A /* BlogApp.xcdatamodel */ = {isa = PBXFileReference; lastKnownFileType = wrapper.xcdatamodel; path = BlogApp.xcdatamodel; sourceTree = "<group>"; };
		8D509BC724A1FCD40047F88A /* Assets.xcassets */ = {isa = PBXFileReference; lastKnownFileType = folder.assetcatalog; path = Assets.xcassets; sourceTree = "<group>"; };
		8D509BCA24A1FCD40047F88A /* Base */ = {isa = PBXFileReference; lastKnownFileType = file.storyboard; name = Base; path = Base.lproj/LaunchScreen.storyboard; sourceTree = "<group>"; };
		8D509BCC24A1FCD40047F88A /* Info.plist */ = {isa = PBXFileReference; lastKnownFileType = text.plist.xml; path = Info.plist; sourceTree = "<group>"; };
		8D509BE424A217470047F88A /* BlogTableViewCell.swift */ = {isa = PBXFileReference; fileEncoding = 4; lastKnownFileType = sourcecode.swift; path = BlogTableViewCell.swift; sourceTree = "<group>"; };
		8D509BE524A217470047F88A /* BlogViewController.swift */ = {isa = PBXFileReference; fileEncoding = 4; lastKnownFileType = sourcecode.swift; path = BlogViewController.swift; sourceTree = "<group>"; };
		8D509BE724A217470047F88A /* BlogViewControllerViewModel.swift */ = {isa = PBXFileReference; fileEncoding = 4; lastKnownFileType = sourcecode.swift; path = BlogViewControllerViewModel.swift; sourceTree = "<group>"; };
		8D509BE824A217470047F88A /* BlogTableViewCellViewModel.swift */ = {isa = PBXFileReference; fileEncoding = 4; lastKnownFileType = sourcecode.swift; path = BlogTableViewCellViewModel.swift; sourceTree = "<group>"; };
		8D509BF124A217470047F88A /* BlogInfoModel.swift */ = {isa = PBXFileReference; fileEncoding = 4; lastKnownFileType = sourcecode.swift; path = BlogInfoModel.swift; sourceTree = "<group>"; };
		8D509BF324A217470047F88A /* ImageDownloader.swift */ = {isa = PBXFileReference; fileEncoding = 4; lastKnownFileType = sourcecode.swift; path = ImageDownloader.swift; sourceTree = "<group>"; };
		8D509BF424A217470047F88A /* Double+Round.swift */ = {isa = PBXFileReference; fileEncoding = 4; lastKnownFileType = sourcecode.swift; path = "Double+Round.swift"; sourceTree = "<group>"; };
		8D509BF524A217470047F88A /* AppConstraints.swift */ = {isa = PBXFileReference; fileEncoding = 4; lastKnownFileType = sourcecode.swift; path = AppConstraints.swift; sourceTree = "<group>"; };
		8D509BF624A217470047F88A /* MediaInfoModel.swift */ = {isa = PBXFileReference; fileEncoding = 4; lastKnownFileType = sourcecode.swift; path = MediaInfoModel.swift; sourceTree = "<group>"; };
		8D509BF724A217470047F88A /* UserInfoModel.swift */ = {isa = PBXFileReference; fileEncoding = 4; lastKnownFileType = sourcecode.swift; path = UserInfoModel.swift; sourceTree = "<group>"; };
		8D509BFA24A217470047F88A /* WebServiceWrapper.swift */ = {isa = PBXFileReference; fileEncoding = 4; lastKnownFileType = sourcecode.swift; path = WebServiceWrapper.swift; sourceTree = "<group>"; };
		8D509BFB24A217470047F88A /* WebAPI.swift */ = {isa = PBXFileReference; fileEncoding = 4; lastKnownFileType = sourcecode.swift; path = WebAPI.swift; sourceTree = "<group>"; };
		8D509C2724A21E230047F88A /* DatabaseHandler.swift */ = {isa = PBXFileReference; lastKnownFileType = sourcecode.swift; path = DatabaseHandler.swift; sourceTree = "<group>"; };
		8D509C6624A346F00047F88A /* Reachability.swift */ = {isa = PBXFileReference; lastKnownFileType = sourcecode.swift; path = Reachability.swift; sourceTree = "<group>"; };
		8D509C6824A356440047F88A /* OfflineBlogData+CoreDataClass.swift */ = {isa = PBXFileReference; lastKnownFileType = sourcecode.swift; path = "OfflineBlogData+CoreDataClass.swift"; sourceTree = "<group>"; };
		8D509C6924A356440047F88A /* OfflineBlogData+CoreDataProperties.swift */ = {isa = PBXFileReference; lastKnownFileType = sourcecode.swift; path = "OfflineBlogData+CoreDataProperties.swift"; sourceTree = "<group>"; };
/* End PBXFileReference section */

/* Begin PBXFrameworksBuildPhase section */
		8D509BB524A1FCD20047F88A /* Frameworks */ = {
			isa = PBXFrameworksBuildPhase;
			buildActionMask = 2147483647;
			files = (
			);
			runOnlyForDeploymentPostprocessing = 0;
		};
/* End PBXFrameworksBuildPhase section */

/* Begin PBXGroup section */
		8D509BAF24A1FCD20047F88A = {
			isa = PBXGroup;
			children = (
				8D509BBA24A1FCD20047F88A /* BlogApp */,
				8D509BB924A1FCD20047F88A /* Products */,
			);
			sourceTree = "<group>";
		};
		8D509BB924A1FCD20047F88A /* Products */ = {
			isa = PBXGroup;
			children = (
				8D509BB824A1FCD20047F88A /* BlogApp.app */,
			);
			name = Products;
			sourceTree = "<group>";
		};
		8D509BBA24A1FCD20047F88A /* BlogApp */ = {
			isa = PBXGroup;
			children = (
				8D509BE924A217470047F88A /* Model */,
				8D509BE324A217470047F88A /* View */,
				8D509BE624A217470047F88A /* ViewModel */,
				8D509BBB24A1FCD20047F88A /* AppDelegate.swift */,
				8D509BBD24A1FCD20047F88A /* SceneDelegate.swift */,
				8D509BC124A1FCD20047F88A /* Main.storyboard */,
				8D509BC724A1FCD40047F88A /* Assets.xcassets */,
				8D509BC924A1FCD40047F88A /* LaunchScreen.storyboard */,
				8D509BCC24A1FCD40047F88A /* Info.plist */,
				8D509BC424A1FCD20047F88A /* BlogApp.xcdatamodeld */,
			);
			path = BlogApp;
			sourceTree = "<group>";
		};
		8D509BE324A217470047F88A /* View */ = {
			isa = PBXGroup;
			children = (
				8D509BE424A217470047F88A /* BlogTableViewCell.swift */,
				8D509BE524A217470047F88A /* BlogViewController.swift */,
			);
			path = View;
			sourceTree = "<group>";
		};
		8D509BE624A217470047F88A /* ViewModel */ = {
			isa = PBXGroup;
			children = (
				8D509BE724A217470047F88A /* BlogViewControllerViewModel.swift */,
				8D509BE824A217470047F88A /* BlogTableViewCellViewModel.swift */,
			);
			path = ViewModel;
			sourceTree = "<group>";
		};
		8D509BE924A217470047F88A /* Model */ = {
			isa = PBXGroup;
			children = (
				8D509C2624A21DE90047F88A /* Database */,
				8D509BF224A217470047F88A /* Constraints */,
				8D509BF624A217470047F88A /* MediaInfoModel.swift */,
				8D509BF724A217470047F88A /* UserInfoModel.swift */,
				8D509BF124A217470047F88A /* BlogInfoModel.swift */,
				8D509BF824A217470047F88A /* WebServiceAccessLayer */,
			);
			path = Model;
			sourceTree = "<group>";
		};
		8D509BEA24A217470047F88A /* ManageObject */ = {
			isa = PBXGroup;
			children = (
				8D509C6824A356440047F88A /* OfflineBlogData+CoreDataClass.swift */,
				8D509C6924A356440047F88A /* OfflineBlogData+CoreDataProperties.swift */,
			);
			path = ManageObject;
			sourceTree = "<group>";
		};
		8D509BF224A217470047F88A /* Constraints */ = {
			isa = PBXGroup;
			children = (
				8D509BF324A217470047F88A /* ImageDownloader.swift */,
				8D509BF424A217470047F88A /* Double+Round.swift */,
				8D509BF524A217470047F88A /* AppConstraints.swift */,
			);
			path = Constraints;
			sourceTree = "<group>";
		};
		8D509BF824A217470047F88A /* WebServiceAccessLayer */ = {
			isa = PBXGroup;
			children = (
				8D509BFB24A217470047F88A /* WebAPI.swift */,
				8D509C6624A346F00047F88A /* Reachability.swift */,
				8D509BF924A217470047F88A /* Wrapper */,
			);
			path = WebServiceAccessLayer;
			sourceTree = "<group>";
		};
		8D509BF924A217470047F88A /* Wrapper */ = {
			isa = PBXGroup;
			children = (
				8D509BFA24A217470047F88A /* WebServiceWrapper.swift */,
			);
			path = Wrapper;
			sourceTree = "<group>";
		};
		8D509C2624A21DE90047F88A /* Database */ = {
			isa = PBXGroup;
			children = (
				8D509BEA24A217470047F88A /* ManageObject */,
				8D509C2724A21E230047F88A /* DatabaseHandler.swift */,
			);
			path = Database;
			sourceTree = "<group>";
		};
/* End PBXGroup section */

/* Begin PBXNativeTarget section */
		8D509BB724A1FCD20047F88A /* BlogApp */ = {
			isa = PBXNativeTarget;
			buildConfigurationList = 8D509BCF24A1FCD40047F88A /* Build configuration list for PBXNativeTarget "BlogApp" */;
			buildPhases = (
				8D509BB424A1FCD20047F88A /* Sources */,
				8D509BB524A1FCD20047F88A /* Frameworks */,
				8D509BB624A1FCD20047F88A /* Resources */,
			);
			buildRules = (
			);
			dependencies = (
			);
			name = BlogApp;
			productName = BlogApp;
			productReference = 8D509BB824A1FCD20047F88A /* BlogApp.app */;
			productType = "com.apple.product-type.application";
		};
/* End PBXNativeTarget section */

/* Begin PBXProject section */
		8D509BB024A1FCD20047F88A /* Project object */ = {
			isa = PBXProject;
			attributes = {
				LastSwiftUpdateCheck = 1150;
				LastUpgradeCheck = 1150;
				ORGANIZATIONNAME = Astha;
				TargetAttributes = {
					8D509BB724A1FCD20047F88A = {
						CreatedOnToolsVersion = 11.5;
					};
				};
			};
			buildConfigurationList = 8D509BB324A1FCD20047F88A /* Build configuration list for PBXProject "BlogApp" */;
			compatibilityVersion = "Xcode 9.3";
			developmentRegion = en;
			hasScannedForEncodings = 0;
			knownRegions = (
				en,
				Base,
			);
			mainGroup = 8D509BAF24A1FCD20047F88A;
			productRefGroup = 8D509BB924A1FCD20047F88A /* Products */;
			projectDirPath = "";
			projectRoot = "";
			targets = (
				8D509BB724A1FCD20047F88A /* BlogApp */,
			);
		};
/* End PBXProject section */

/* Begin PBXResourcesBuildPhase section */
		8D509BB624A1FCD20047F88A /* Resources */ = {
			isa = PBXResourcesBuildPhase;
			buildActionMask = 2147483647;
			files = (
				8D509BCB24A1FCD40047F88A /* LaunchScreen.storyboard in Resources */,
				8D509BC824A1FCD40047F88A /* Assets.xcassets in Resources */,
				8D509BC324A1FCD20047F88A /* Main.storyboard in Resources */,
			);
			runOnlyForDeploymentPostprocessing = 0;
		};
/* End PBXResourcesBuildPhase section */

/* Begin PBXSourcesBuildPhase section */
		8D509BB424A1FCD20047F88A /* Sources */ = {
			isa = PBXSourcesBuildPhase;
			buildActionMask = 2147483647;
			files = (
				8D509C0924A217470047F88A /* AppConstraints.swift in Sources */,
				8D509C6A24A356440047F88A /* OfflineBlogData+CoreDataClass.swift in Sources */,
				8D509C0A24A217470047F88A /* MediaInfoModel.swift in Sources */,
				8D509BFE24A217470047F88A /* BlogViewControllerViewModel.swift in Sources */,
				8D509C0724A217470047F88A /* ImageDownloader.swift in Sources */,
				8D509C6B24A356440047F88A /* OfflineBlogData+CoreDataProperties.swift in Sources */,
				8D509BC624A1FCD20047F88A /* BlogApp.xcdatamodeld in Sources */,
				8D509BFD24A217470047F88A /* BlogViewController.swift in Sources */,
				8D509BFF24A217470047F88A /* BlogTableViewCellViewModel.swift in Sources */,
				8D509BFC24A217470047F88A /* BlogTableViewCell.swift in Sources */,
				8D509C0B24A217470047F88A /* UserInfoModel.swift in Sources */,
				8D509C0C24A217470047F88A /* WebServiceWrapper.swift in Sources */,
				8D509BBC24A1FCD20047F88A /* AppDelegate.swift in Sources */,
				8D509C2824A21E230047F88A /* DatabaseHandler.swift in Sources */,
				8D509C0624A217470047F88A /* BlogInfoModel.swift in Sources */,
				8D509C0D24A217470047F88A /* WebAPI.swift in Sources */,
				8D509C0824A217470047F88A /* Double+Round.swift in Sources */,
				8D509BBE24A1FCD20047F88A /* SceneDelegate.swift in Sources */,
				8D509C6724A346F00047F88A /* Reachability.swift in Sources */,
			);
			runOnlyForDeploymentPostprocessing = 0;
		};
/* End PBXSourcesBuildPhase section */

/* Begin PBXVariantGroup section */
		8D509BC124A1FCD20047F88A /* Main.storyboard */ = {
			isa = PBXVariantGroup;
			children = (
				8D509BC224A1FCD20047F88A /* Base */,
			);
			name = Main.storyboard;
			sourceTree = "<group>";
		};
		8D509BC924A1FCD40047F88A /* LaunchScreen.storyboard */ = {
			isa = PBXVariantGroup;
			children = (
				8D509BCA24A1FCD40047F88A /* Base */,
			);
			name = LaunchScreen.storyboard;
			sourceTree = "<group>";
		};
/* End PBXVariantGroup section */

/* Begin XCBuildConfiguration section */
		8D509BCD24A1FCD40047F88A /* Debug */ = {
			isa = XCBuildConfiguration;
			buildSettings = {
				ALWAYS_SEARCH_USER_PATHS = NO;
				CLANG_ANALYZER_NONNULL = YES;
				CLANG_ANALYZER_NUMBER_OBJECT_CONVERSION = YES_AGGRESSIVE;
				CLANG_CXX_LANGUAGE_STANDARD = "gnu++14";
				CLANG_CXX_LIBRARY = "libc++";
				CLANG_ENABLE_MODULES = YES;
				CLANG_ENABLE_OBJC_ARC = YES;
				CLANG_ENABLE_OBJC_WEAK = YES;
				CLANG_WARN_BLOCK_CAPTURE_AUTORELEASING = YES;
				CLANG_WARN_BOOL_CONVERSION = YES;
				CLANG_WARN_COMMA = YES;
				CLANG_WARN_CONSTANT_CONVERSION = YES;
				CLANG_WARN_DEPRECATED_OBJC_IMPLEMENTATIONS = YES;
				CLANG_WARN_DIRECT_OBJC_ISA_USAGE = YES_ERROR;
				CLANG_WARN_DOCUMENTATION_COMMENTS = YES;
				CLANG_WARN_EMPTY_BODY = YES;
				CLANG_WARN_ENUM_CONVERSION = YES;
				CLANG_WARN_INFINITE_RECURSION = YES;
				CLANG_WARN_INT_CONVERSION = YES;
				CLANG_WARN_NON_LITERAL_NULL_CONVERSION = YES;
				CLANG_WARN_OBJC_IMPLICIT_RETAIN_SELF = YES;
				CLANG_WARN_OBJC_LITERAL_CONVERSION = YES;
				CLANG_WARN_OBJC_ROOT_CLASS = YES_ERROR;
				CLANG_WARN_RANGE_LOOP_ANALYSIS = YES;
				CLANG_WARN_STRICT_PROTOTYPES = YES;
				CLANG_WARN_SUSPICIOUS_MOVE = YES;
				CLANG_WARN_UNGUARDED_AVAILABILITY = YES_AGGRESSIVE;
				CLANG_WARN_UNREACHABLE_CODE = YES;
				CLANG_WARN__DUPLICATE_METHOD_MATCH = YES;
				COPY_PHASE_STRIP = NO;
				DEBUG_INFORMATION_FORMAT = dwarf;
				ENABLE_STRICT_OBJC_MSGSEND = YES;
				ENABLE_TESTABILITY = YES;
				GCC_C_LANGUAGE_STANDARD = gnu11;
				GCC_DYNAMIC_NO_PIC = NO;
				GCC_NO_COMMON_BLOCKS = YES;
				GCC_OPTIMIZATION_LEVEL = 0;
				GCC_PREPROCESSOR_DEFINITIONS = (
					"DEBUG=1",
					"$(inherited)",
				);
				GCC_WARN_64_TO_32_BIT_CONVERSION = YES;
				GCC_WARN_ABOUT_RETURN_TYPE = YES_ERROR;
				GCC_WARN_UNDECLARED_SELECTOR = YES;
				GCC_WARN_UNINITIALIZED_AUTOS = YES_AGGRESSIVE;
				GCC_WARN_UNUSED_FUNCTION = YES;
				GCC_WARN_UNUSED_VARIABLE = YES;
				IPHONEOS_DEPLOYMENT_TARGET = 13.5;
				MTL_ENABLE_DEBUG_INFO = INCLUDE_SOURCE;
				MTL_FAST_MATH = YES;
				ONLY_ACTIVE_ARCH = YES;
				SDKROOT = iphoneos;
				SWIFT_ACTIVE_COMPILATION_CONDITIONS = DEBUG;
				SWIFT_OPTIMIZATION_LEVEL = "-Onone";
			};
			name = Debug;
		};
		8D509BCE24A1FCD40047F88A /* Release */ = {
			isa = XCBuildConfiguration;
			buildSettings = {
				ALWAYS_SEARCH_USER_PATHS = NO;
				CLANG_ANALYZER_NONNULL = YES;
				CLANG_ANALYZER_NUMBER_OBJECT_CONVERSION = YES_AGGRESSIVE;
				CLANG_CXX_LANGUAGE_STANDARD = "gnu++14";
				CLANG_CXX_LIBRARY = "libc++";
				CLANG_ENABLE_MODULES = YES;
				CLANG_ENABLE_OBJC_ARC = YES;
				CLANG_ENABLE_OBJC_WEAK = YES;
				CLANG_WARN_BLOCK_CAPTURE_AUTORELEASING = YES;
				CLANG_WARN_BOOL_CONVERSION = YES;
				CLANG_WARN_COMMA = YES;
				CLANG_WARN_CONSTANT_CONVERSION = YES;
				CLANG_WARN_DEPRECATED_OBJC_IMPLEMENTATIONS = YES;
				CLANG_WARN_DIRECT_OBJC_ISA_USAGE = YES_ERROR;
				CLANG_WARN_DOCUMENTATION_COMMENTS = YES;
				CLANG_WARN_EMPTY_BODY = YES;
				CLANG_WARN_ENUM_CONVERSION = YES;
				CLANG_WARN_INFINITE_RECURSION = YES;
				CLANG_WARN_INT_CONVERSION = YES;
				CLANG_WARN_NON_LITERAL_NULL_CONVERSION = YES;
				CLANG_WARN_OBJC_IMPLICIT_RETAIN_SELF = YES;
				CLANG_WARN_OBJC_LITERAL_CONVERSION = YES;
				CLANG_WARN_OBJC_ROOT_CLASS = YES_ERROR;
				CLANG_WARN_RANGE_LOOP_ANALYSIS = YES;
				CLANG_WARN_STRICT_PROTOTYPES = YES;
				CLANG_WARN_SUSPICIOUS_MOVE = YES;
				CLANG_WARN_UNGUARDED_AVAILABILITY = YES_AGGRESSIVE;
				CLANG_WARN_UNREACHABLE_CODE = YES;
				CLANG_WARN__DUPLICATE_METHOD_MATCH = YES;
				COPY_PHASE_STRIP = NO;
				DEBUG_INFORMATION_FORMAT = "dwarf-with-dsym";
				ENABLE_NS_ASSERTIONS = NO;
				ENABLE_STRICT_OBJC_MSGSEND = YES;
				GCC_C_LANGUAGE_STANDARD = gnu11;
				GCC_NO_COMMON_BLOCKS = YES;
				GCC_WARN_64_TO_32_BIT_CONVERSION = YES;
				GCC_WARN_ABOUT_RETURN_TYPE = YES_ERROR;
				GCC_WARN_UNDECLARED_SELECTOR = YES;
				GCC_WARN_UNINITIALIZED_AUTOS = YES_AGGRESSIVE;
				GCC_WARN_UNUSED_FUNCTION = YES;
				GCC_WARN_UNUSED_VARIABLE = YES;
				IPHONEOS_DEPLOYMENT_TARGET = 13.5;
				MTL_ENABLE_DEBUG_INFO = NO;
				MTL_FAST_MATH = YES;
				SDKROOT = iphoneos;
				SWIFT_COMPILATION_MODE = wholemodule;
				SWIFT_OPTIMIZATION_LEVEL = "-O";
				VALIDATE_PRODUCT = YES;
			};
			name = Release;
		};
		8D509BD024A1FCD40047F88A /* Debug */ = {
			isa = XCBuildConfiguration;
			buildSettings = {
				ASSETCATALOG_COMPILER_APPICON_NAME = AppIcon;
				CODE_SIGN_STYLE = Automatic;
				INFOPLIST_FILE = BlogApp/Info.plist;
				LD_RUNPATH_SEARCH_PATHS = (
					"$(inherited)",
					"@executable_path/Frameworks",
				);
				PRODUCT_BUNDLE_IDENTIFIER = astha.BlogApp;
				PRODUCT_NAME = "$(TARGET_NAME)";
				SWIFT_VERSION = 5.0;
				TARGETED_DEVICE_FAMILY = "1,2";
			};
			name = Debug;
		};
		8D509BD124A1FCD40047F88A /* Release */ = {
			isa = XCBuildConfiguration;
			buildSettings = {
				ASSETCATALOG_COMPILER_APPICON_NAME = AppIcon;
				CODE_SIGN_STYLE = Automatic;
				INFOPLIST_FILE = BlogApp/Info.plist;
				LD_RUNPATH_SEARCH_PATHS = (
					"$(inherited)",
					"@executable_path/Frameworks",
				);
				PRODUCT_BUNDLE_IDENTIFIER = astha.BlogApp;
				PRODUCT_NAME = "$(TARGET_NAME)";
				SWIFT_VERSION = 5.0;
				TARGETED_DEVICE_FAMILY = "1,2";
			};
			name = Release;
		};
/* End XCBuildConfiguration section */

/* Begin XCConfigurationList section */
		8D509BB324A1FCD20047F88A /* Build configuration list for PBXProject "BlogApp" */ = {
			isa = XCConfigurationList;
			buildConfigurations = (
				8D509BCD24A1FCD40047F88A /* Debug */,
				8D509BCE24A1FCD40047F88A /* Release */,
			);
			defaultConfigurationIsVisible = 0;
			defaultConfigurationName = Release;
		};
		8D509BCF24A1FCD40047F88A /* Build configuration list for PBXNativeTarget "BlogApp" */ = {
			isa = XCConfigurationList;
			buildConfigurations = (
				8D509BD024A1FCD40047F88A /* Debug */,
				8D509BD124A1FCD40047F88A /* Release */,
			);
			defaultConfigurationIsVisible = 0;
			defaultConfigurationName = Release;
		};
/* End XCConfigurationList section */

/* Begin XCVersionGroup section */
		8D509BC424A1FCD20047F88A /* BlogApp.xcdatamodeld */ = {
			isa = XCVersionGroup;
			children = (
				8D509BC524A1FCD20047F88A /* BlogApp.xcdatamodel */,
			);
			currentVersion = 8D509BC524A1FCD20047F88A /* BlogApp.xcdatamodel */;
			path = BlogApp.xcdatamodeld;
			sourceTree = "<group>";
			versionGroupType = wrapper.xcdatamodel;
		};
/* End XCVersionGroup section */
	};
	rootObject = 8D509BB024A1FCD20047F88A /* Project object */;
}
